Microsoft Visual Studio Solution File, Format Version 12.00
# Visual Studio Version 17
VisualStudioVersion = 17.5.2.0
MinimumVisualStudioVersion = 10.0.40219.1
Project("{FAE04EC0-301F-11D3-BF4B-00C04F79EFBC}") = "NotTakipSistemi", "NotTakipSistemi.csproj", "{AC78BA6E-BC4C-3EF1-F956-CCED52F126CA}"
EndProject
Global
	GlobalSection(SolutionConfigurationPlatforms) = preSolution
		Debug|Any CPU = Debug|Any CPU
		Release|Any CPU = Release|Any CPU
	EndGlobalSection
	GlobalSection(ProjectConfigurationPlatforms) = postSolution
		{AC78BA6E-BC4C-3EF1-F956-CCED52F126CA}.Debug|Any CPU.ActiveCfg = Debug|Any CPU
		{AC78BA6E-BC4C-3EF1-F956-CCED52F126CA}.Debug|Any CPU.Build.0 = Debug|Any CPU
		{AC78BA6E-BC4C-3EF1-F956-CCED52F126CA}.Release|Any CPU.ActiveCfg = Release|Any CPU
		{AC78BA6E-BC4C-3EF1-F956-CCED52F126CA}.Release|Any CPU.Build.0 = Release|Any CPU
	EndGlobalSection
	GlobalSection(SolutionProperties) = preSolution
		HideSolutionNode = FALSE
	EndGlobalSection
	GlobalSection(ExtensibilityGlobals) = postSolution
		SolutionGuid = {95671876-8C69-450C-AB64-FE489444A33E}
	EndGlobalSection
EndGlobal
